
Microsoft Visual Studio Solution File, Format Version 12.00
# Visual Studio Version 17
VisualStudioVersion = 17.4.33205.214
MinimumVisualStudioVersion = 10.0.40219.1
Project("{FAE04EC0-301F-11D3-BF4B-00C04F79EFBC}") = "BirthdayApplication", "BirthdayApplication\BirthdayApplication.csproj", "{327405A3-13F6-4C46-B757-19F7E709F100}"
EndProject
Global
	GlobalSection(SolutionConfigurationPlatforms) = preSolution
		Debug|Any CPU = Debug|Any CPU
		Release|Any CPU = Release|Any CPU
	EndGlobalSection
	GlobalSection(ProjectConfigurationPlatforms) = postSolution
		{327405A3-13F6-4C46-B757-19F7E709F100}.Debug|Any CPU.ActiveCfg = Debug|Any CPU
		{327405A3-13F6-4C46-B757-19F7E709F100}.Debug|Any CPU.Build.0 = Debug|Any CPU
		{327405A3-13F6-4C46-B757-19F7E709F100}.Release|Any CPU.ActiveCfg = Release|Any CPU
		{327405A3-13F6-4C46-B757-19F7E709F100}.Release|Any CPU.Build.0 = Release|Any CPU
	EndGlobalSection
	GlobalSection(SolutionProperties) = preSolution
		HideSolutionNode = FALSE
	EndGlobalSection
	GlobalSection(ExtensibilityGlobals) = postSolution
		SolutionGuid = {E02F1E17-AAB3-4B27-B2C0-6F9163729D78}
	EndGlobalSection
EndGlobal
